// !$*UTF8*$!
{
	archiveVersion = 1;
	classes = {
	};
	objectVersion = 48;
	objects = {

/* Begin PBXBuildFile section */
		5F4453E91FDC351600604470 /* AppDelegate.swift in Sources */ = {isa = PBXBuildFile; fileRef = 5F4453E81FDC351600604470 /* AppDelegate.swift */; };
		5F4453EB1FDC351600604470 /* JellyfishVC.swift in Sources */ = {isa = PBXBuildFile; fileRef = 5F4453EA1FDC351600604470 /* JellyfishVC.swift */; };
		5F4453EE1FDC351600604470 /* Main.storyboard in Resources */ = {isa = PBXBuildFile; fileRef = 5F4453EC1FDC351600604470 /* Main.storyboard */; };
		5F4453F01FDC351600604470 /* Assets.xcassets in Resources */ = {isa = PBXBuildFile; fileRef = 5F4453EF1FDC351600604470 /* Assets.xcassets */; };
		5F4453F31FDC351600604470 /* LaunchScreen.storyboard in Resources */ = {isa = PBXBuildFile; fileRef = 5F4453F11FDC351600604470 /* LaunchScreen.storyboard */; };
		5FE0FA3B1FDC3BFB0044AF13 /* Textures in Resources */ = {isa = PBXBuildFile; fileRef = 5FE0FA3A1FDC3BFB0044AF13 /* Textures */; };
		5FE0FA431FDC3CB30044AF13 /* art.scnassets in Resources */ = {isa = PBXBuildFile; fileRef = 5FE0FA421FDC3CB30044AF13 /* art.scnassets */; };
		6BB12485BBA275D8059B5247 /* Pods_JellyfishAR.framework in Frameworks */ = {isa = PBXBuildFile; fileRef = C0EF70E73726A070F7168350 /* Pods_JellyfishAR.framework */; };
/* End PBXBuildFile section */

/* Begin PBXFileReference section */
		56ADAC260698CAA01291269F /* Pods-JellyfishAR.debug.xcconfig */ = {isa = PBXFileReference; includeInIndex = 1; lastKnownFileType = text.xcconfig; name = "Pods-JellyfishAR.debug.xcconfig"; path = "Pods/Target Support Files/Pods-JellyfishAR/Pods-JellyfishAR.debug.xcconfig"; sourceTree = "<group>"; };
		5F4453E51FDC351600604470 /* JellyfishAR.app */ = {isa = PBXFileReference; explicitFileType = wrapper.application; includeInIndex = 0; path = JellyfishAR.app; sourceTree = BUILT_PRODUCTS_DIR; };
		5F4453E81FDC351600604470 /* AppDelegate.swift */ = {isa = PBXFileReference; lastKnownFileType = sourcecode.swift; path = AppDelegate.swift; sourceTree = "<group>"; };
		5F4453EA1FDC351600604470 /* JellyfishVC.swift */ = {isa = PBXFileReference; lastKnownFileType = sourcecode.swift; path = JellyfishVC.swift; sourceTree = "<group>"; };
		5F4453ED1FDC351600604470 /* Base */ = {isa = PBXFileReference; lastKnownFileType = file.storyboard; name = Base; path = Base.lproj/Main.storyboard; sourceTree = "<group>"; };
		5F4453EF1FDC351600604470 /* Assets.xcassets */ = {isa = PBXFileReference; lastKnownFileType = folder.assetcatalog; path = Assets.xcassets; sourceTree = "<group>"; };
		5F4453F21FDC351600604470 /* Base */ = {isa = PBXFileReference; lastKnownFileType = file.storyboard; name = Base; path = Base.lproj/LaunchScreen.storyboard; sourceTree = "<group>"; };
		5F4453F41FDC351600604470 /* Info.plist */ = {isa = PBXFileReference; lastKnownFileType = text.plist.xml; path = Info.plist; sourceTree = "<group>"; };
		5FE0FA3A1FDC3BFB0044AF13 /* Textures */ = {isa = PBXFileReference; lastKnownFileType = folder; path = Textures; sourceTree = "<group>"; };
		5FE0FA421FDC3CB30044AF13 /* art.scnassets */ = {isa = PBXFileReference; lastKnownFileType = wrapper.scnassets; path = art.scnassets; sourceTree = "<group>"; };
		77DC52C64DC82D284A43AFFE /* Pods-JellyfishAR.release.xcconfig */ = {isa = PBXFileReference; includeInIndex = 1; lastKnownFileType = text.xcconfig; name = "Pods-JellyfishAR.release.xcconfig"; path = "Pods/Target Support Files/Pods-JellyfishAR/Pods-JellyfishAR.release.xcconfig"; sourceTree = "<group>"; };
		C0EF70E73726A070F7168350 /* Pods_JellyfishAR.framework */ = {isa = PBXFileReference; explicitFileType = wrapper.framework; includeInIndex = 0; path = Pods_JellyfishAR.framework; sourceTree = BUILT_PRODUCTS_DIR; };
/* End PBXFileReference section */

/* Begin PBXFrameworksBuildPhase section */
		5F4453E21FDC351600604470 /* Frameworks */ = {
			isa = PBXFrameworksBuildPhase;
			buildActionMask = 2147483647;
			files = (
				6BB12485BBA275D8059B5247 /* Pods_JellyfishAR.framework in Frameworks */,
			);
			runOnlyForDeploymentPostprocessing = 0;
		};
/* End PBXFrameworksBuildPhase section */

/* Begin PBXGroup section */
		5F4453DC1FDC351600604470 = {
			isa = PBXGroup;
			children = (
				5F4453E71FDC351600604470 /* JellyfishAR */,
				5F4453E61FDC351600604470 /* Products */,
				75B2A9E65FCA8C622EC23E16 /* Pods */,
				A60A39364DA525D811F97119 /* Frameworks */,
			);
			sourceTree = "<group>";
		};
		5F4453E61FDC351600604470 /* Products */ = {
			isa = PBXGroup;
			children = (
				5F4453E51FDC351600604470 /* JellyfishAR.app */,
			);
			name = Products;
			sourceTree = "<group>";
		};
		5F4453E71FDC351600604470 /* JellyfishAR */ = {
			isa = PBXGroup;
			children = (
				5FE0FA3A1FDC3BFB0044AF13 /* Textures */,
				5F4453E81FDC351600604470 /* AppDelegate.swift */,
				5F4453EA1FDC351600604470 /* JellyfishVC.swift */,
				5F4453EC1FDC351600604470 /* Main.storyboard */,
				5F4453EF1FDC351600604470 /* Assets.xcassets */,
				5F4453F11FDC351600604470 /* LaunchScreen.storyboard */,
				5F4453F41FDC351600604470 /* Info.plist */,
				5FE0FA421FDC3CB30044AF13 /* art.scnassets */,
			);
			path = JellyfishAR;
			sourceTree = "<group>";
		};
		75B2A9E65FCA8C622EC23E16 /* Pods */ = {
			isa = PBXGroup;
			children = (
				56ADAC260698CAA01291269F /* Pods-JellyfishAR.debug.xcconfig */,
				77DC52C64DC82D284A43AFFE /* Pods-JellyfishAR.release.xcconfig */,
			);
			name = Pods;
			sourceTree = "<group>";
		};
		A60A39364DA525D811F97119 /* Frameworks */ = {
			isa = PBXGroup;
			children = (
				C0EF70E73726A070F7168350 /* Pods_JellyfishAR.framework */,
			);
			name = Frameworks;
			sourceTree = "<group>";
		};
/* End PBXGroup section */

/* Begin PBXNativeTarget section */
		5F4453E41FDC351600604470 /* JellyfishAR */ = {
			isa = PBXNativeTarget;
			buildConfigurationList = 5F4453F71FDC351600604470 /* Build configuration list for PBXNativeTarget "JellyfishAR" */;
			buildPhases = (
				9828841D703E18F7682A1002 /* [CP] Check Pods Manifest.lock */,
				5F4453E11FDC351600604470 /* Sources */,
				5F4453E21FDC351600604470 /* Frameworks */,
				5F4453E31FDC351600604470 /* Resources */,
				B4A349240DD2C10AE8E4BCC9 /* [CP] Embed Pods Frameworks */,
				DA227B4EF28C7930818672A8 /* [CP] Copy Pods Resources */,
			);
			buildRules = (
			);
			dependencies = (
			);
			name = JellyfishAR;
			productName = JellyfishAR;
			productReference = 5F4453E51FDC351600604470 /* JellyfishAR.app */;
			productType = "com.apple.product-type.application";
		};
/* End PBXNativeTarget section */

/* Begin PBXProject section */
		5F4453DD1FDC351600604470 /* Project object */ = {
			isa = PBXProject;
			attributes = {
				LastSwiftUpdateCheck = 0920;
				LastUpgradeCheck = 0920;
				ORGANIZATIONNAME = "Marcus Ng";
				TargetAttributes = {
					5F4453E41FDC351600604470 = {
						CreatedOnToolsVersion = 9.2;
						ProvisioningStyle = Automatic;
					};
				};
			};
			buildConfigurationList = 5F4453E01FDC351600604470 /* Build configuration list for PBXProject "JellyfishAR" */;
			compatibilityVersion = "Xcode 8.0";
			developmentRegion = en;
			hasScannedForEncodings = 0;
			knownRegions = (
				en,
				Base,
			);
			mainGroup = 5F4453DC1FDC351600604470;
			productRefGroup = 5F4453E61FDC351600604470 /* Products */;
			projectDirPath = "";
			projectRoot = "";
			targets = (
				5F4453E41FDC351600604470 /* JellyfishAR */,
			);
		};
/* End PBXProject section */

/* Begin PBXResourcesBuildPhase section */
		5F4453E31FDC351600604470 /* Resources */ = {
			isa = PBXResourcesBuildPhase;
			buildActionMask = 2147483647;
			files = (
				5F4453F31FDC351600604470 /* LaunchScreen.storyboard in Resources */,
				5F4453F01FDC351600604470 /* Assets.xcassets in Resources */,
				5FE0FA3B1FDC3BFB0044AF13 /* Textures in Resources */,
				5FE0FA431FDC3CB30044AF13 /* art.scnassets in Resources */,
				5F4453EE1FDC351600604470 /* Main.storyboard in Resources */,
			);
			runOnlyForDeploymentPostprocessing = 0;
		};
/* End PBXResourcesBuildPhase section */

/* Begin PBXShellScriptBuildPhase section */
		9828841D703E18F7682A1002 /* [CP] Check Pods Manifest.lock */ = {
			isa = PBXShellScriptBuildPhase;
			buildActionMask = 2147483647;
			files = (
			);
			inputPaths = (
				"${PODS_PODFILE_DIR_PATH}/Podfile.lock",
				"${PODS_ROOT}/Manifest.lock",
			);
			name = "[CP] Check Pods Manifest.lock";
			outputPaths = (
				"$(DERIVED_FILE_DIR)/Pods-JellyfishAR-checkManifestLockResult.txt",
			);
			runOnlyForDeploymentPostprocessing = 0;
			shellPath = /bin/sh;
			shellScript = "diff \"${PODS_PODFILE_DIR_PATH}/Podfile.lock\" \"${PODS_ROOT}/Manifest.lock\" > /dev/null\nif [ $? != 0 ] ; then\n    # print error to STDERR\n    echo \"error: The sandbox is not in sync with the Podfile.lock. Run 'pod install' or update your CocoaPods installation.\" >&2\n    exit 1\nfi\n# This output is used by Xcode 'outputs' to avoid re-running this script phase.\necho \"SUCCESS\" > \"${SCRIPT_OUTPUT_FILE_0}\"\n";
			showEnvVarsInLog = 0;
		};
		B4A349240DD2C10AE8E4BCC9 /* [CP] Embed Pods Frameworks */ = {
			isa = PBXShellScriptBuildPhase;
			buildActionMask = 2147483647;
			files = (
			);
			inputPaths = (
				"${SRCROOT}/Pods/Target Support Files/Pods-JellyfishAR/Pods-JellyfishAR-frameworks.sh",
				"${BUILT_PRODUCTS_DIR}/Each/Each.framework",
			);
			name = "[CP] Embed Pods Frameworks";
			outputPaths = (
				"${TARGET_BUILD_DIR}/${FRAMEWORKS_FOLDER_PATH}/Each.framework",
			);
			runOnlyForDeploymentPostprocessing = 0;
			shellPath = /bin/sh;
			shellScript = "\"${SRCROOT}/Pods/Target Support Files/Pods-JellyfishAR/Pods-JellyfishAR-frameworks.sh\"\n";
			showEnvVarsInLog = 0;
		};
		DA227B4EF28C7930818672A8 /* [CP] Copy Pods Resources */ = {
			isa = PBXShellScriptBuildPhase;
			buildActionMask = 2147483647;
			files = (
			);
			inputPaths = (
			);
			name = "[CP] Copy Pods Resources";
			outputPaths = (
			);
			runOnlyForDeploymentPostprocessing = 0;
			shellPath = /bin/sh;
			shellScript = "\"${SRCROOT}/Pods/Target Support Files/Pods-JellyfishAR/Pods-JellyfishAR-resources.sh\"\n";
			showEnvVarsInLog = 0;
		};
/* End PBXShellScriptBuildPhase section */

/* Begin PBXSourcesBuildPhase section */
		5F4453E11FDC351600604470 /* Sources */ = {
			isa = PBXSourcesBuildPhase;
			buildActionMask = 2147483647;
			files = (
				5F4453EB1FDC351600604470 /* JellyfishVC.swift in Sources */,
				5F4453E91FDC351600604470 /* AppDelegate.swift in Sources */,
			);
			runOnlyForDeploymentPostprocessing = 0;
		};
/* End PBXSourcesBuildPhase section */

/* Begin PBXVariantGroup section */
		5F4453EC1FDC351600604470 /* Main.storyboard */ = {
			isa = PBXVariantGroup;
			children = (
				5F4453ED1FDC351600604470 /* Base */,
			);
			name = Main.storyboard;
			sourceTree = "<group>";
		};
		5F4453F11FDC351600604470 /* LaunchScreen.storyboard */ = {
			isa = PBXVariantGroup;
			children = (
				5F4453F21FDC351600604470 /* Base */,
			);
			name = LaunchScreen.storyboard;
			sourceTree = "<group>";
		};
/* End PBXVariantGroup section */

/* Begin XCBuildConfiguration section */
		5F4453F51FDC351600604470 /* Debug */ = {
			isa = XCBuildConfiguration;
			buildSettings = {
				ALWAYS_SEARCH_USER_PATHS = NO;
				CLANG_ANALYZER_NONNULL = YES;
				CLANG_ANALYZER_NUMBER_OBJECT_CONVERSION = YES_AGGRESSIVE;
				CLANG_CXX_LANGUAGE_STANDARD = "gnu++14";
				CLANG_CXX_LIBRARY = "libc++";
				CLANG_ENABLE_MODULES = YES;
				CLANG_ENABLE_OBJC_ARC = YES;
				CLANG_WARN_BLOCK_CAPTURE_AUTORELEASING = YES;
				CLANG_WARN_BOOL_CONVERSION = YES;
				CLANG_WARN_COMMA = YES;
				CLANG_WARN_CONSTANT_CONVERSION = YES;
				CLANG_WARN_DIRECT_OBJC_ISA_USAGE = YES_ERROR;
				CLANG_WARN_DOCUMENTATION_COMMENTS = YES;
				CLANG_WARN_EMPTY_BODY = YES;
				CLANG_WARN_ENUM_CONVERSION = YES;
				CLANG_WARN_INFINITE_RECURSION = YES;
				CLANG_WARN_INT_CONVERSION = YES;
				CLANG_WARN_NON_LITERAL_NULL_CONVERSION = YES;
				CLANG_WARN_OBJC_LITERAL_CONVERSION = YES;
				CLANG_WARN_OBJC_ROOT_CLASS = YES_ERROR;
				CLANG_WARN_RANGE_LOOP_ANALYSIS = YES;
				CLANG_WARN_STRICT_PROTOTYPES = YES;
				CLANG_WARN_SUSPICIOUS_MOVE = YES;
				CLANG_WARN_UNGUARDED_AVAILABILITY = YES_AGGRESSIVE;
				CLANG_WARN_UNREACHABLE_CODE = YES;
				CLANG_WARN__DUPLICATE_METHOD_MATCH = YES;
				CODE_SIGN_IDENTITY = "iPhone Developer";
				COPY_PHASE_STRIP = NO;
				DEBUG_INFORMATION_FORMAT = dwarf;
				ENABLE_STRICT_OBJC_MSGSEND = YES;
				ENABLE_TESTABILITY = YES;
				GCC_C_LANGUAGE_STANDARD = gnu11;
				GCC_DYNAMIC_NO_PIC = NO;
				GCC_NO_COMMON_BLOCKS = YES;
				GCC_OPTIMIZATION_LEVEL = 0;
				GCC_PREPROCESSOR_DEFINITIONS = (
					"DEBUG=1",
					"$(inherited)",
				);
				GCC_WARN_64_TO_32_BIT_CONVERSION = YES;
				GCC_WARN_ABOUT_RETURN_TYPE = YES_ERROR;
				GCC_WARN_UNDECLARED_SELECTOR = YES;
				GCC_WARN_UNINITIALIZED_AUTOS = YES_AGGRESSIVE;
				GCC_WARN_UNUSED_FUNCTION = YES;
				GCC_WARN_UNUSED_VARIABLE = YES;
				IPHONEOS_DEPLOYMENT_TARGET = 11.2;
				MTL_ENABLE_DEBUG_INFO = YES;
				ONLY_ACTIVE_ARCH = YES;
				SDKROOT = iphoneos;
				SWIFT_ACTIVE_COMPILATION_CONDITIONS = DEBUG;
				SWIFT_OPTIMIZATION_LEVEL = "-Onone";
			};
			name = Debug;
		};
		5F4453F61FDC351600604470 /* Release */ = {
			isa = XCBuildConfiguration;
			buildSettings = {
				ALWAYS_SEARCH_USER_PATHS = NO;
				CLANG_ANALYZER_NONNULL = YES;
				CLANG_ANALYZER_NUMBER_OBJECT_CONVERSION = YES_AGGRESSIVE;
				CLANG_CXX_LANGUAGE_STANDARD = "gnu++14";
				CLANG_CXX_LIBRARY = "libc++";
				CLANG_ENABLE_MODULES = YES;
				CLANG_ENABLE_OBJC_ARC = YES;
				CLANG_WARN_BLOCK_CAPTURE_AUTORELEASING = YES;
				CLANG_WARN_BOOL_CONVERSION = YES;
				CLANG_WARN_COMMA = YES;
				CLANG_WARN_CONSTANT_CONVERSION = YES;
				CLANG_WARN_DIRECT_OBJC_ISA_USAGE = YES_ERROR;
				CLANG_WARN_DOCUMENTATION_COMMENTS = YES;
				CLANG_WARN_EMPTY_BODY = YES;
				CLANG_WARN_ENUM_CONVERSION = YES;
				CLANG_WARN_INFINITE_RECURSION = YES;
				CLANG_WARN_INT_CONVERSION = YES;
				CLANG_WARN_NON_LITERAL_NULL_CONVERSION = YES;
				CLANG_WARN_OBJC_LITERAL_CONVERSION = YES;
				CLANG_WARN_OBJC_ROOT_CLASS = YES_ERROR;
				CLANG_WARN_RANGE_LOOP_ANALYSIS = YES;
				CLANG_WARN_STRICT_PROTOTYPES = YES;
				CLANG_WARN_SUSPICIOUS_MOVE = YES;
				CLANG_WARN_UNGUARDED_AVAILABILITY = YES_AGGRESSIVE;
				CLANG_WARN_UNREACHABLE_CODE = YES;
				CLANG_WARN__DUPLICATE_METHOD_MATCH = YES;
				CODE_SIGN_IDENTITY = "iPhone Developer";
				COPY_PHASE_STRIP = NO;
				DEBUG_INFORMATION_FORMAT = "dwarf-with-dsym";
				ENABLE_NS_ASSERTIONS = NO;
				ENABLE_STRICT_OBJC_MSGSEND = YES;
				GCC_C_LANGUAGE_STANDARD = gnu11;
				GCC_NO_COMMON_BLOCKS = YES;
				GCC_WARN_64_TO_32_BIT_CONVERSION = YES;
				GCC_WARN_ABOUT_RETURN_TYPE = YES_ERROR;
				GCC_WARN_UNDECLARED_SELECTOR = YES;
				GCC_WARN_UNINITIALIZED_AUTOS = YES_AGGRESSIVE;
				GCC_WARN_UNUSED_FUNCTION = YES;
				GCC_WARN_UNUSED_VARIABLE = YES;
				IPHONEOS_DEPLOYMENT_TARGET = 11.2;
				MTL_ENABLE_DEBUG_INFO = NO;
				SDKROOT = iphoneos;
				SWIFT_OPTIMIZATION_LEVEL = "-Owholemodule";
				VALIDATE_PRODUCT = YES;
			};
			name = Release;
		};
		5F4453F81FDC351600604470 /* Debug */ = {
			isa = XCBuildConfiguration;
			baseConfigurationReference = 56ADAC260698CAA01291269F /* Pods-JellyfishAR.debug.xcconfig */;
			buildSettings = {
				ASSETCATALOG_COMPILER_APPICON_NAME = AppIcon;
				CODE_SIGN_STYLE = Automatic;
				DEVELOPMENT_TEAM = 8YCPCF4H7X;
				INFOPLIST_FILE = JellyfishAR/Info.plist;
				IPHONEOS_DEPLOYMENT_TARGET = 11.1;
				LD_RUNPATH_SEARCH_PATHS = "$(inherited) @executable_path/Frameworks";
				PRODUCT_BUNDLE_IDENTIFIER = com.MarcusNg.JellyfishAR;
				PRODUCT_NAME = "$(TARGET_NAME)";
				SWIFT_VERSION = 4.0;
				TARGETED_DEVICE_FAMILY = "1,2";
			};
			name = Debug;
		};
		5F4453F91FDC351600604470 /* Release */ = {
			isa = XCBuildConfiguration;
			baseConfigurationReference = 77DC52C64DC82D284A43AFFE /* Pods-JellyfishAR.release.xcconfig */;
			buildSettings = {
				ASSETCATALOG_COMPILER_APPICON_NAME = AppIcon;
				CODE_SIGN_STYLE = Automatic;
				DEVELOPMENT_TEAM = 8YCPCF4H7X;
				INFOPLIST_FILE = JellyfishAR/Info.plist;
				IPHONEOS_DEPLOYMENT_TARGET = 11.1;
				LD_RUNPATH_SEARCH_PATHS = "$(inherited) @executable_path/Frameworks";
				PRODUCT_BUNDLE_IDENTIFIER = com.MarcusNg.JellyfishAR;
				PRODUCT_NAME = "$(TARGET_NAME)";
				SWIFT_VERSION = 4.0;
				TARGETED_DEVICE_FAMILY = "1,2";
			};
			name = Release;
		};
/* End XCBuildConfiguration section */

/* Begin XCConfigurationList section */
		5F4453E01FDC351600604470 /* Build configuration list for PBXProject "JellyfishAR" */ = {
			isa = XCConfigurationList;
			buildConfigurations = (
				5F4453F51FDC351600604470 /* Debug */,
				5F4453F61FDC351600604470 /* Release */,
			);
			defaultConfigurationIsVisible = 0;
			defaultConfigurationName = Release;
		};
		5F4453F71FDC351600604470 /* Build configuration list for PBXNativeTarget "JellyfishAR" */ = {
			isa = XCConfigurationList;
			buildConfigurations = (
				5F4453F81FDC351600604470 /* Debug */,
				5F4453F91FDC351600604470 /* Release */,
			);
			defaultConfigurationIsVisible = 0;
			defaultConfigurationName = Release;
		};
/* End XCConfigurationList section */
	};
	rootObject = 5F4453DD1FDC351600604470 /* Project object */;
}
